{
  "nodes": {
    "nixpkgs": {
      "locked": {
        "lastModified": 1753768348,
        "narHash": "sha256-GBa/N8y1tJKl+TgKZJkfHB/KtSwYtFdb/PmSxsJjv0w=",
        "rev": "dc9637876d0dcc8c9e5e22986b857632effeb727",
        "type": "tarball",
        "url": "https://releases.nixos.org/nixos/unstable/nixos-25.11pre836203.dc9637876d0d/nixexprs.tar.xz?rev=dc9637876d0dcc8c9e5e22986b857632effeb727"
      },
      "original": {
        "type": "tarball",
        "url": "https://channels.nixos.org/nixos-unstable/nixexprs.tar.xz"
      }
    },
    "root": {
      "inputs": {
        "nixpkgs": "nixpkgs"
      }
    }
  },
  "root": "root",
  "version": 7
}
